// !$*UTF8*$!
{
	archiveVersion = 1;
	classes = {
	};
	objectVersion = 52;
	objects = {

/* Begin PBXBuildFile section */
		5937636C27237E5500B20C8F /* Goal.swift in Sources */ = {isa = PBXBuildFile; fileRef = 5937636B27237E5500B20C8F /* Goal.swift */; };
		5964123B272E883800A1545C /* FirebaseGoalRepository.swift in Sources */ = {isa = PBXBuildFile; fileRef = 5964123A272E883800A1545C /* FirebaseGoalRepository.swift */; };
		5964148A272F2F5500A1545C /* GoalRepositoryProtocol.swift in Sources */ = {isa = PBXBuildFile; fileRef = 59641489272F2F5500A1545C /* GoalRepositoryProtocol.swift */; };
		5964148D2731368B00A1545C /* MockGoalRepository.swift in Sources */ = {isa = PBXBuildFile; fileRef = 5964148C2731368B00A1545C /* MockGoalRepository.swift */; };
		5964149127323E8900A1545C /* ColorUtils.swift in Sources */ = {isa = PBXBuildFile; fileRef = 5964149027323E8900A1545C /* ColorUtils.swift */; };
		596414962732537300A1545C /* DateUtils.swift in Sources */ = {isa = PBXBuildFile; fileRef = 596414952732537300A1545C /* DateUtils.swift */; };
		596414E027328C1500A1545C /* EmojiTextfield.swift in Sources */ = {isa = PBXBuildFile; fileRef = 596414DF27328C1500A1545C /* EmojiTextfield.swift */; };
		596414E32732CB9600A1545C /* NavigationBarUtil.swift in Sources */ = {isa = PBXBuildFile; fileRef = 596414E22732CB9600A1545C /* NavigationBarUtil.swift */; };
		596414E62733218300A1545C /* AnimationUtil.swift in Sources */ = {isa = PBXBuildFile; fileRef = 596414E52733218300A1545C /* AnimationUtil.swift */; };
		59DF084A271F50C3008DE088 /* GoalsAppApp.swift in Sources */ = {isa = PBXBuildFile; fileRef = 59DF0849271F50C3008DE088 /* GoalsAppApp.swift */; };
		59DF084C271F50C3008DE088 /* ContentView.swift in Sources */ = {isa = PBXBuildFile; fileRef = 59DF084B271F50C3008DE088 /* ContentView.swift */; };
		59DF084E271F50CC008DE088 /* Assets.xcassets in Resources */ = {isa = PBXBuildFile; fileRef = 59DF084D271F50CC008DE088 /* Assets.xcassets */; };
		59DF0851271F50CC008DE088 /* Preview Assets.xcassets in Resources */ = {isa = PBXBuildFile; fileRef = 59DF0850271F50CC008DE088 /* Preview Assets.xcassets */; };
		59DF085A271F5328008DE088 /* GoogleService-Info.plist in Resources */ = {isa = PBXBuildFile; fileRef = 59DF0859271F5328008DE088 /* GoogleService-Info.plist */; };
		59DF085F271F57F6008DE088 /* FirebaseFirestore in Frameworks */ = {isa = PBXBuildFile; productRef = 59DF085E271F57F6008DE088 /* FirebaseFirestore */; };
		59DF0861271F57F6008DE088 /* FirebaseFirestoreSwift-Beta in Frameworks */ = {isa = PBXBuildFile; productRef = 59DF0860271F57F6008DE088 /* FirebaseFirestoreSwift-Beta */; };
/* End PBXBuildFile section */

/* Begin PBXFileReference section */
		5937636B27237E5500B20C8F /* Goal.swift */ = {isa = PBXFileReference; lastKnownFileType = sourcecode.swift; path = Goal.swift; sourceTree = "<group>"; };
		5964123A272E883800A1545C /* FirebaseGoalRepository.swift */ = {isa = PBXFileReference; lastKnownFileType = sourcecode.swift; path = FirebaseGoalRepository.swift; sourceTree = "<group>"; xcLanguageSpecificationIdentifier = xcode.lang.swift; };
		59641489272F2F5500A1545C /* GoalRepositoryProtocol.swift */ = {isa = PBXFileReference; lastKnownFileType = sourcecode.swift; path = GoalRepositoryProtocol.swift; sourceTree = "<group>"; };
		5964148C2731368B00A1545C /* MockGoalRepository.swift */ = {isa = PBXFileReference; lastKnownFileType = sourcecode.swift; path = MockGoalRepository.swift; sourceTree = "<group>"; };
		5964149027323E8900A1545C /* ColorUtils.swift */ = {isa = PBXFileReference; lastKnownFileType = sourcecode.swift; path = ColorUtils.swift; sourceTree = "<group>"; };
		596414952732537300A1545C /* DateUtils.swift */ = {isa = PBXFileReference; lastKnownFileType = sourcecode.swift; path = DateUtils.swift; sourceTree = "<group>"; };
		596414DF27328C1500A1545C /* EmojiTextfield.swift */ = {isa = PBXFileReference; lastKnownFileType = sourcecode.swift; path = EmojiTextfield.swift; sourceTree = "<group>"; };
		596414E22732CB9600A1545C /* NavigationBarUtil.swift */ = {isa = PBXFileReference; lastKnownFileType = sourcecode.swift; path = NavigationBarUtil.swift; sourceTree = "<group>"; };
		596414E52733218300A1545C /* AnimationUtil.swift */ = {isa = PBXFileReference; lastKnownFileType = sourcecode.swift; path = AnimationUtil.swift; sourceTree = "<group>"; };
		59DF0846271F50C3008DE088 /* GoalsApp.app */ = {isa = PBXFileReference; explicitFileType = wrapper.application; includeInIndex = 0; path = GoalsApp.app; sourceTree = BUILT_PRODUCTS_DIR; };
		59DF0849271F50C3008DE088 /* GoalsAppApp.swift */ = {isa = PBXFileReference; lastKnownFileType = sourcecode.swift; path = GoalsAppApp.swift; sourceTree = "<group>"; };
		59DF084B271F50C3008DE088 /* ContentView.swift */ = {isa = PBXFileReference; lastKnownFileType = sourcecode.swift; path = ContentView.swift; sourceTree = "<group>"; };
		59DF084D271F50CC008DE088 /* Assets.xcassets */ = {isa = PBXFileReference; lastKnownFileType = folder.assetcatalog; path = Assets.xcassets; sourceTree = "<group>"; };
		59DF0850271F50CC008DE088 /* Preview Assets.xcassets */ = {isa = PBXFileReference; lastKnownFileType = folder.assetcatalog; path = "Preview Assets.xcassets"; sourceTree = "<group>"; };
		59DF0852271F50CC008DE088 /* Info.plist */ = {isa = PBXFileReference; lastKnownFileType = text.plist.xml; path = Info.plist; sourceTree = "<group>"; };
		59DF0859271F5328008DE088 /* GoogleService-Info.plist */ = {isa = PBXFileReference; fileEncoding = 4; lastKnownFileType = text.plist.xml; path = "GoogleService-Info.plist"; sourceTree = "<group>"; };
/* End PBXFileReference section */

/* Begin PBXFrameworksBuildPhase section */
		59DF0843271F50C3008DE088 /* Frameworks */ = {
			isa = PBXFrameworksBuildPhase;
			buildActionMask = 2147483647;
			files = (
				59DF085F271F57F6008DE088 /* FirebaseFirestore in Frameworks */,
				59DF0861271F57F6008DE088 /* FirebaseFirestoreSwift-Beta in Frameworks */,
			);
			runOnlyForDeploymentPostprocessing = 0;
		};
/* End PBXFrameworksBuildPhase section */

/* Begin PBXGroup section */
		59DF083D271F50C3008DE088 = {
			isa = PBXGroup;
			children = (
				59DF0848271F50C3008DE088 /* GoalsApp */,
				59DF0847271F50C3008DE088 /* Products */,
			);
			sourceTree = "<group>";
		};
		59DF0847271F50C3008DE088 /* Products */ = {
			isa = PBXGroup;
			children = (
				59DF0846271F50C3008DE088 /* GoalsApp.app */,
			);
			name = Products;
			sourceTree = "<group>";
		};
		59DF0848271F50C3008DE088 /* GoalsApp */ = {
			isa = PBXGroup;
			children = (
				59DF0869271F5B79008DE088 /* Models */,
				59DF0868271F5B73008DE088 /* Views */,
				59DF0867271F5B65008DE088 /* ViewModels */,
				59DF0865271F5B5C008DE088 /* Utils */,
				59DF0863271F5B47008DE088 /* Repositories */,
				59DF0849271F50C3008DE088 /* GoalsAppApp.swift */,
				59DF084D271F50CC008DE088 /* Assets.xcassets */,
				59DF0859271F5328008DE088 /* GoogleService-Info.plist */,
				59DF0852271F50CC008DE088 /* Info.plist */,
				59DF084F271F50CC008DE088 /* Preview Content */,
			);
			path = GoalsApp;
			sourceTree = "<group>";
		};
		59DF084F271F50CC008DE088 /* Preview Content */ = {
			isa = PBXGroup;
			children = (
				59DF0850271F50CC008DE088 /* Preview Assets.xcassets */,
			);
			path = "Preview Content";
			sourceTree = "<group>";
		};
		59DF0863271F5B47008DE088 /* Repositories */ = {
			isa = PBXGroup;
			children = (
				5964123A272E883800A1545C /* FirebaseGoalRepository.swift */,
				59641489272F2F5500A1545C /* GoalRepositoryProtocol.swift */,
				5964148C2731368B00A1545C /* MockGoalRepository.swift */,
			);
			path = Repositories;
			sourceTree = "<group>";
		};
		59DF0865271F5B5C008DE088 /* Utils */ = {
			isa = PBXGroup;
			children = (
				5964149027323E8900A1545C /* ColorUtils.swift */,
				596414952732537300A1545C /* DateUtils.swift */,
				596414DF27328C1500A1545C /* EmojiTextfield.swift */,
				596414E22732CB9600A1545C /* NavigationBarUtil.swift */,
				596414E52733218300A1545C /* AnimationUtil.swift */,
			);
			path = Utils;
			sourceTree = "<group>";
		};
		59DF0867271F5B65008DE088 /* ViewModels */ = {
			isa = PBXGroup;
			children = (
			);
			path = ViewModels;
			sourceTree = "<group>";
		};
		59DF0868271F5B73008DE088 /* Views */ = {
			isa = PBXGroup;
			children = (
				59DF084B271F50C3008DE088 /* ContentView.swift */,
			);
			path = Views;
			sourceTree = "<group>";
		};
		59DF0869271F5B79008DE088 /* Models */ = {
			isa = PBXGroup;
			children = (
				5937636B27237E5500B20C8F /* Goal.swift */,
			);
			path = Models;
			sourceTree = "<group>";
		};
/* End PBXGroup section */

/* Begin PBXNativeTarget section */
		59DF0845271F50C3008DE088 /* GoalsApp */ = {
			isa = PBXNativeTarget;
			buildConfigurationList = 59DF0855271F50CC008DE088 /* Build configuration list for PBXNativeTarget "GoalsApp" */;
			buildPhases = (
				59DF0842271F50C3008DE088 /* Sources */,
				59DF0843271F50C3008DE088 /* Frameworks */,
				59DF0844271F50C3008DE088 /* Resources */,
			);
			buildRules = (
			);
			dependencies = (
			);
			name = GoalsApp;
			packageProductDependencies = (
				59DF085E271F57F6008DE088 /* FirebaseFirestore */,
				59DF0860271F57F6008DE088 /* FirebaseFirestoreSwift-Beta */,
			);
			productName = GoalsApp;
			productReference = 59DF0846271F50C3008DE088 /* GoalsApp.app */;
			productType = "com.apple.product-type.application";
		};
/* End PBXNativeTarget section */

/* Begin PBXProject section */
		59DF083E271F50C3008DE088 /* Project object */ = {
			isa = PBXProject;
			attributes = {
				LastSwiftUpdateCheck = 1240;
				LastUpgradeCheck = 1240;
				TargetAttributes = {
					59DF0845271F50C3008DE088 = {
						CreatedOnToolsVersion = 12.4;
					};
				};
			};
			buildConfigurationList = 59DF0841271F50C3008DE088 /* Build configuration list for PBXProject "GoalsApp" */;
			compatibilityVersion = "Xcode 9.3";
			developmentRegion = en;
			hasScannedForEncodings = 0;
			knownRegions = (
				en,
				Base,
			);
			mainGroup = 59DF083D271F50C3008DE088;
			packageReferences = (
				59DF085D271F57F6008DE088 /* XCRemoteSwiftPackageReference "firebase-ios-sdk" */,
			);
			productRefGroup = 59DF0847271F50C3008DE088 /* Products */;
			projectDirPath = "";
			projectRoot = "";
			targets = (
				59DF0845271F50C3008DE088 /* GoalsApp */,
			);
		};
/* End PBXProject section */

/* Begin PBXResourcesBuildPhase section */
		59DF0844271F50C3008DE088 /* Resources */ = {
			isa = PBXResourcesBuildPhase;
			buildActionMask = 2147483647;
			files = (
				59DF0851271F50CC008DE088 /* Preview Assets.xcassets in Resources */,
				59DF085A271F5328008DE088 /* GoogleService-Info.plist in Resources */,
				59DF084E271F50CC008DE088 /* Assets.xcassets in Resources */,
			);
			runOnlyForDeploymentPostprocessing = 0;
		};
/* End PBXResourcesBuildPhase section */

/* Begin PBXSourcesBuildPhase section */
		59DF0842271F50C3008DE088 /* Sources */ = {
			isa = PBXSourcesBuildPhase;
			buildActionMask = 2147483647;
			files = (
				59DF084C271F50C3008DE088 /* ContentView.swift in Sources */,
				596414E32732CB9600A1545C /* NavigationBarUtil.swift in Sources */,
				596414962732537300A1545C /* DateUtils.swift in Sources */,
				596414E027328C1500A1545C /* EmojiTextfield.swift in Sources */,
				596414E62733218300A1545C /* AnimationUtil.swift in Sources */,
				5964149127323E8900A1545C /* ColorUtils.swift in Sources */,
				5964148A272F2F5500A1545C /* GoalRepositoryProtocol.swift in Sources */,
				5964148D2731368B00A1545C /* MockGoalRepository.swift in Sources */,
				5937636C27237E5500B20C8F /* Goal.swift in Sources */,
				59DF084A271F50C3008DE088 /* GoalsAppApp.swift in Sources */,
				5964123B272E883800A1545C /* FirebaseGoalRepository.swift in Sources */,
			);
			runOnlyForDeploymentPostprocessing = 0;
		};
/* End PBXSourcesBuildPhase section */

/* Begin XCBuildConfiguration section */
		59DF0853271F50CC008DE088 /* Debug */ = {
			isa = XCBuildConfiguration;
			buildSettings = {
				ALWAYS_SEARCH_USER_PATHS = NO;
				CLANG_ANALYZER_NONNULL = YES;
				CLANG_ANALYZER_NUMBER_OBJECT_CONVERSION = YES_AGGRESSIVE;
				CLANG_CXX_LANGUAGE_STANDARD = "gnu++14";
				CLANG_CXX_LIBRARY = "libc++";
				CLANG_ENABLE_MODULES = YES;
				CLANG_ENABLE_OBJC_ARC = YES;
				CLANG_ENABLE_OBJC_WEAK = YES;
				CLANG_WARN_BLOCK_CAPTURE_AUTORELEASING = YES;
				CLANG_WARN_BOOL_CONVERSION = YES;
				CLANG_WARN_COMMA = YES;
				CLANG_WARN_CONSTANT_CONVERSION = YES;
				CLANG_WARN_DEPRECATED_OBJC_IMPLEMENTATIONS = YES;
				CLANG_WARN_DIRECT_OBJC_ISA_USAGE = YES_ERROR;
				CLANG_WARN_DOCUMENTATION_COMMENTS = YES;
				CLANG_WARN_EMPTY_BODY = YES;
				CLANG_WARN_ENUM_CONVERSION = YES;
				CLANG_WARN_INFINITE_RECURSION = YES;
				CLANG_WARN_INT_CONVERSION = YES;
				CLANG_WARN_NON_LITERAL_NULL_CONVERSION = YES;
				CLANG_WARN_OBJC_IMPLICIT_RETAIN_SELF = YES;
				CLANG_WARN_OBJC_LITERAL_CONVERSION = YES;
				CLANG_WARN_OBJC_ROOT_CLASS = YES_ERROR;
				CLANG_WARN_QUOTED_INCLUDE_IN_FRAMEWORK_HEADER = YES;
				CLANG_WARN_RANGE_LOOP_ANALYSIS = YES;
				CLANG_WARN_STRICT_PROTOTYPES = YES;
				CLANG_WARN_SUSPICIOUS_MOVE = YES;
				CLANG_WARN_UNGUARDED_AVAILABILITY = YES_AGGRESSIVE;
				CLANG_WARN_UNREACHABLE_CODE = YES;
				CLANG_WARN__DUPLICATE_METHOD_MATCH = YES;
				COPY_PHASE_STRIP = NO;
				DEBUG_INFORMATION_FORMAT = dwarf;
				ENABLE_STRICT_OBJC_MSGSEND = YES;
				ENABLE_TESTABILITY = YES;
				GCC_C_LANGUAGE_STANDARD = gnu11;
				GCC_DYNAMIC_NO_PIC = NO;
				GCC_NO_COMMON_BLOCKS = YES;
				GCC_OPTIMIZATION_LEVEL = 0;
				GCC_PREPROCESSOR_DEFINITIONS = (
					"DEBUG=1",
					"$(inherited)",
				);
				GCC_WARN_64_TO_32_BIT_CONVERSION = YES;
				GCC_WARN_ABOUT_RETURN_TYPE = YES_ERROR;
				GCC_WARN_UNDECLARED_SELECTOR = YES;
				GCC_WARN_UNINITIALIZED_AUTOS = YES_AGGRESSIVE;
				GCC_WARN_UNUSED_FUNCTION = YES;
				GCC_WARN_UNUSED_VARIABLE = YES;
				IPHONEOS_DEPLOYMENT_TARGET = 14.4;
				MTL_ENABLE_DEBUG_INFO = INCLUDE_SOURCE;
				MTL_FAST_MATH = YES;
				ONLY_ACTIVE_ARCH = YES;
				SDKROOT = iphoneos;
				SWIFT_ACTIVE_COMPILATION_CONDITIONS = DEBUG;
				SWIFT_OPTIMIZATION_LEVEL = "-Onone";
			};
			name = Debug;
		};
		59DF0854271F50CC008DE088 /* Release */ = {
			isa = XCBuildConfiguration;
			buildSettings = {
				ALWAYS_SEARCH_USER_PATHS = NO;
				CLANG_ANALYZER_NONNULL = YES;
				CLANG_ANALYZER_NUMBER_OBJECT_CONVERSION = YES_AGGRESSIVE;
				CLANG_CXX_LANGUAGE_STANDARD = "gnu++14";
				CLANG_CXX_LIBRARY = "libc++";
				CLANG_ENABLE_MODULES = YES;
				CLANG_ENABLE_OBJC_ARC = YES;
				CLANG_ENABLE_OBJC_WEAK = YES;
				CLANG_WARN_BLOCK_CAPTURE_AUTORELEASING = YES;
				CLANG_WARN_BOOL_CONVERSION = YES;
				CLANG_WARN_COMMA = YES;
				CLANG_WARN_CONSTANT_CONVERSION = YES;
				CLANG_WARN_DEPRECATED_OBJC_IMPLEMENTATIONS = YES;
				CLANG_WARN_DIRECT_OBJC_ISA_USAGE = YES_ERROR;
				CLANG_WARN_DOCUMENTATION_COMMENTS = YES;
				CLANG_WARN_EMPTY_BODY = YES;
				CLANG_WARN_ENUM_CONVERSION = YES;
				CLANG_WARN_INFINITE_RECURSION = YES;
				CLANG_WARN_INT_CONVERSION = YES;
				CLANG_WARN_NON_LITERAL_NULL_CONVERSION = YES;
				CLANG_WARN_OBJC_IMPLICIT_RETAIN_SELF = YES;
				CLANG_WARN_OBJC_LITERAL_CONVERSION = YES;
				CLANG_WARN_OBJC_ROOT_CLASS = YES_ERROR;
				CLANG_WARN_QUOTED_INCLUDE_IN_FRAMEWORK_HEADER = YES;
				CLANG_WARN_RANGE_LOOP_ANALYSIS = YES;
				CLANG_WARN_STRICT_PROTOTYPES = YES;
				CLANG_WARN_SUSPICIOUS_MOVE = YES;
				CLANG_WARN_UNGUARDED_AVAILABILITY = YES_AGGRESSIVE;
				CLANG_WARN_UNREACHABLE_CODE = YES;
				CLANG_WARN__DUPLICATE_METHOD_MATCH = YES;
				COPY_PHASE_STRIP = NO;
				DEBUG_INFORMATION_FORMAT = "dwarf-with-dsym";
				ENABLE_NS_ASSERTIONS = NO;
				ENABLE_STRICT_OBJC_MSGSEND = YES;
				GCC_C_LANGUAGE_STANDARD = gnu11;
				GCC_NO_COMMON_BLOCKS = YES;
				GCC_WARN_64_TO_32_BIT_CONVERSION = YES;
				GCC_WARN_ABOUT_RETURN_TYPE = YES_ERROR;
				GCC_WARN_UNDECLARED_SELECTOR = YES;
				GCC_WARN_UNINITIALIZED_AUTOS = YES_AGGRESSIVE;
				GCC_WARN_UNUSED_FUNCTION = YES;
				GCC_WARN_UNUSED_VARIABLE = YES;
				IPHONEOS_DEPLOYMENT_TARGET = 14.4;
				MTL_ENABLE_DEBUG_INFO = NO;
				MTL_FAST_MATH = YES;
				SDKROOT = iphoneos;
				SWIFT_COMPILATION_MODE = wholemodule;
				SWIFT_OPTIMIZATION_LEVEL = "-O";
				VALIDATE_PRODUCT = YES;
			};
			name = Release;
		};
		59DF0856271F50CC008DE088 /* Debug */ = {
			isa = XCBuildConfiguration;
			buildSettings = {
				ASSETCATALOG_COMPILER_APPICON_NAME = AppIcon;
				ASSETCATALOG_COMPILER_GLOBAL_ACCENT_COLOR_NAME = AccentColor;
				CODE_SIGN_STYLE = Automatic;
				DEVELOPMENT_ASSET_PATHS = "\"GoalsApp/Preview Content\"";
				ENABLE_PREVIEWS = YES;
				INFOPLIST_FILE = GoalsApp/Info.plist;
				IPHONEOS_DEPLOYMENT_TARGET = 14.1;
				LD_RUNPATH_SEARCH_PATHS = (
					"$(inherited)",
					"@executable_path/Frameworks",
				);
				PRODUCT_BUNDLE_IDENTIFIER = me.GoalsApp;
				PRODUCT_NAME = "$(TARGET_NAME)";
				SWIFT_VERSION = 5.0;
				TARGETED_DEVICE_FAMILY = "1,2";
			};
			name = Debug;
		};
		59DF0857271F50CC008DE088 /* Release */ = {
			isa = XCBuildConfiguration;
			buildSettings = {
				ASSETCATALOG_COMPILER_APPICON_NAME = AppIcon;
				ASSETCATALOG_COMPILER_GLOBAL_ACCENT_COLOR_NAME = AccentColor;
				CODE_SIGN_STYLE = Automatic;
				DEVELOPMENT_ASSET_PATHS = "\"GoalsApp/Preview Content\"";
				ENABLE_PREVIEWS = YES;
				INFOPLIST_FILE = GoalsApp/Info.plist;
				IPHONEOS_DEPLOYMENT_TARGET = 14.1;
				LD_RUNPATH_SEARCH_PATHS = (
					"$(inherited)",
					"@executable_path/Frameworks",
				);
				PRODUCT_BUNDLE_IDENTIFIER = me.GoalsApp;
				PRODUCT_NAME = "$(TARGET_NAME)";
				SWIFT_VERSION = 5.0;
				TARGETED_DEVICE_FAMILY = "1,2";
			};
			name = Release;
		};
/* End XCBuildConfiguration section */

/* Begin XCConfigurationList section */
		59DF0841271F50C3008DE088 /* Build configuration list for PBXProject "GoalsApp" */ = {
			isa = XCConfigurationList;
			buildConfigurations = (
				59DF0853271F50CC008DE088 /* Debug */,
				59DF0854271F50CC008DE088 /* Release */,
			);
			defaultConfigurationIsVisible = 0;
			defaultConfigurationName = Release;
		};
		59DF0855271F50CC008DE088 /* Build configuration list for PBXNativeTarget "GoalsApp" */ = {
			isa = XCConfigurationList;
			buildConfigurations = (
				59DF0856271F50CC008DE088 /* Debug */,
				59DF0857271F50CC008DE088 /* Release */,
			);
			defaultConfigurationIsVisible = 0;
			defaultConfigurationName = Release;
		};
/* End XCConfigurationList section */

/* Begin XCRemoteSwiftPackageReference section */
		59DF085D271F57F6008DE088 /* XCRemoteSwiftPackageReference "firebase-ios-sdk" */ = {
			isa = XCRemoteSwiftPackageReference;
			repositoryURL = "https://github.com/firebase/firebase-ios-sdk.git";
			requirement = {
				kind = upToNextMajorVersion;
				minimumVersion = 8.8.1;
			};
		};
/* End XCRemoteSwiftPackageReference section */

/* Begin XCSwiftPackageProductDependency section */
		59DF085E271F57F6008DE088 /* FirebaseFirestore */ = {
			isa = XCSwiftPackageProductDependency;
			package = 59DF085D271F57F6008DE088 /* XCRemoteSwiftPackageReference "firebase-ios-sdk" */;
			productName = FirebaseFirestore;
		};
		59DF0860271F57F6008DE088 /* FirebaseFirestoreSwift-Beta */ = {
			isa = XCSwiftPackageProductDependency;
			package = 59DF085D271F57F6008DE088 /* XCRemoteSwiftPackageReference "firebase-ios-sdk" */;
			productName = "FirebaseFirestoreSwift-Beta";
		};
/* End XCSwiftPackageProductDependency section */
	};
	rootObject = 59DF083E271F50C3008DE088 /* Project object */;
}
